// !$*UTF8*$!
{
	archiveVersion = 1;
	classes = {
	};
	objectVersion = 50;
	objects = {

/* Begin PBXBuildFile section */
		4A3695BB39680BD93FEBDF51 /* Pods_ParstagramUITests.framework in Frameworks */ = {isa = PBXBuildFile; fileRef = 0C2799936A0B4721526A2BCA /* Pods_ParstagramUITests.framework */; };
		64D1EE45237F75612ED7A814 /* Pods_ParstagramTests.framework in Frameworks */ = {isa = PBXBuildFile; fileRef = 313B76AA39609BD5273B08E5 /* Pods_ParstagramTests.framework */; };
		C5059D092226445F00882A1A /* CommentCell.swift in Sources */ = {isa = PBXBuildFile; fileRef = C5059D082226445F00882A1A /* CommentCell.swift */; };
		C593426A221A3E3C0017197A /* LoginViewController.swift in Sources */ = {isa = PBXBuildFile; fileRef = C5934269221A3E3B0017197A /* LoginViewController.swift */; };
		C593426C221A3E5A0017197A /* FeedViewController.swift in Sources */ = {isa = PBXBuildFile; fileRef = C593426B221A3E5A0017197A /* FeedViewController.swift */; };
		C593426E221A507C0017197A /* CameraViewController.swift in Sources */ = {isa = PBXBuildFile; fileRef = C593426D221A507C0017197A /* CameraViewController.swift */; };
		C5934270221A60920017197A /* PostCell.swift in Sources */ = {isa = PBXBuildFile; fileRef = C593426F221A60920017197A /* PostCell.swift */; };
		C5B3B1D1221A0F7400CB2629 /* AppDelegate.swift in Sources */ = {isa = PBXBuildFile; fileRef = C5B3B1D0221A0F7400CB2629 /* AppDelegate.swift */; };
		C5B3B1D6221A0F7400CB2629 /* Main.storyboard in Resources */ = {isa = PBXBuildFile; fileRef = C5B3B1D4221A0F7400CB2629 /* Main.storyboard */; };
		C5B3B1D8221A0F7600CB2629 /* Assets.xcassets in Resources */ = {isa = PBXBuildFile; fileRef = C5B3B1D7221A0F7600CB2629 /* Assets.xcassets */; };
		C5B3B1DB221A0F7600CB2629 /* LaunchScreen.storyboard in Resources */ = {isa = PBXBuildFile; fileRef = C5B3B1D9221A0F7600CB2629 /* LaunchScreen.storyboard */; };
		C5B3B1E6221A0F7600CB2629 /* ParstagramTests.swift in Sources */ = {isa = PBXBuildFile; fileRef = C5B3B1E5221A0F7600CB2629 /* ParstagramTests.swift */; };
		C5B3B1F1221A0F7600CB2629 /* ParstagramUITests.swift in Sources */ = {isa = PBXBuildFile; fileRef = C5B3B1F0221A0F7600CB2629 /* ParstagramUITests.swift */; };
		C8AECE1DCA042EBF2C148884 /* Pods_Parstagram.framework in Frameworks */ = {isa = PBXBuildFile; fileRef = 851EEA85FB2AC73ACA455391 /* Pods_Parstagram.framework */; };
/* End PBXBuildFile section */

/* Begin PBXContainerItemProxy section */
		C5B3B1E2221A0F7600CB2629 /* PBXContainerItemProxy */ = {
			isa = PBXContainerItemProxy;
			containerPortal = C5B3B1C5221A0F7400CB2629 /* Project object */;
			proxyType = 1;
			remoteGlobalIDString = C5B3B1CC221A0F7400CB2629;
			remoteInfo = Parstagram;
		};
		C5B3B1ED221A0F7600CB2629 /* PBXContainerItemProxy */ = {
			isa = PBXContainerItemProxy;
			containerPortal = C5B3B1C5221A0F7400CB2629 /* Project object */;
			proxyType = 1;
			remoteGlobalIDString = C5B3B1CC221A0F7400CB2629;
			remoteInfo = Parstagram;
		};
/* End PBXContainerItemProxy section */

/* Begin PBXFileReference section */
		0C2799936A0B4721526A2BCA /* Pods_ParstagramUITests.framework */ = {isa = PBXFileReference; explicitFileType = wrapper.framework; includeInIndex = 0; path = Pods_ParstagramUITests.framework; sourceTree = BUILT_PRODUCTS_DIR; };
		313B76AA39609BD5273B08E5 /* Pods_ParstagramTests.framework */ = {isa = PBXFileReference; explicitFileType = wrapper.framework; includeInIndex = 0; path = Pods_ParstagramTests.framework; sourceTree = BUILT_PRODUCTS_DIR; };
		32B5DDD38CE9A3177369525E /* Pods-Parstagram.release.xcconfig */ = {isa = PBXFileReference; includeInIndex = 1; lastKnownFileType = text.xcconfig; name = "Pods-Parstagram.release.xcconfig"; path = "Pods/Target Support Files/Pods-Parstagram/Pods-Parstagram.release.xcconfig"; sourceTree = "<group>"; };
		45758CF3A54AD8FBDFC2C8E7 /* Pods-ParstagramTests.release.xcconfig */ = {isa = PBXFileReference; includeInIndex = 1; lastKnownFileType = text.xcconfig; name = "Pods-ParstagramTests.release.xcconfig"; path = "Pods/Target Support Files/Pods-ParstagramTests/Pods-ParstagramTests.release.xcconfig"; sourceTree = "<group>"; };
		851EEA85FB2AC73ACA455391 /* Pods_Parstagram.framework */ = {isa = PBXFileReference; explicitFileType = wrapper.framework; includeInIndex = 0; path = Pods_Parstagram.framework; sourceTree = BUILT_PRODUCTS_DIR; };
		999BA3681D4AD42ED1D2996B /* Pods-ParstagramTests.debug.xcconfig */ = {isa = PBXFileReference; includeInIndex = 1; lastKnownFileType = text.xcconfig; name = "Pods-ParstagramTests.debug.xcconfig"; path = "Pods/Target Support Files/Pods-ParstagramTests/Pods-ParstagramTests.debug.xcconfig"; sourceTree = "<group>"; };
		C5059D082226445F00882A1A /* CommentCell.swift */ = {isa = PBXFileReference; lastKnownFileType = sourcecode.swift; path = CommentCell.swift; sourceTree = "<group>"; };
		C5934269221A3E3B0017197A /* LoginViewController.swift */ = {isa = PBXFileReference; lastKnownFileType = sourcecode.swift; path = LoginViewController.swift; sourceTree = "<group>"; };
		C593426B221A3E5A0017197A /* FeedViewController.swift */ = {isa = PBXFileReference; lastKnownFileType = sourcecode.swift; path = FeedViewController.swift; sourceTree = "<group>"; };
		C593426D221A507C0017197A /* CameraViewController.swift */ = {isa = PBXFileReference; lastKnownFileType = sourcecode.swift; path = CameraViewController.swift; sourceTree = "<group>"; };
		C593426F221A60920017197A /* PostCell.swift */ = {isa = PBXFileReference; lastKnownFileType = sourcecode.swift; path = PostCell.swift; sourceTree = "<group>"; };
		C5B3B1CD221A0F7400CB2629 /* Parstagram.app */ = {isa = PBXFileReference; explicitFileType = wrapper.application; includeInIndex = 0; path = Parstagram.app; sourceTree = BUILT_PRODUCTS_DIR; };
		C5B3B1D0221A0F7400CB2629 /* AppDelegate.swift */ = {isa = PBXFileReference; lastKnownFileType = sourcecode.swift; path = AppDelegate.swift; sourceTree = "<group>"; };
		C5B3B1D5221A0F7400CB2629 /* Base */ = {isa = PBXFileReference; lastKnownFileType = file.storyboard; name = Base; path = Base.lproj/Main.storyboard; sourceTree = "<group>"; };
		C5B3B1D7221A0F7600CB2629 /* Assets.xcassets */ = {isa = PBXFileReference; lastKnownFileType = folder.assetcatalog; path = Assets.xcassets; sourceTree = "<group>"; };
		C5B3B1DA221A0F7600CB2629 /* Base */ = {isa = PBXFileReference; lastKnownFileType = file.storyboard; name = Base; path = Base.lproj/LaunchScreen.storyboard; sourceTree = "<group>"; };
		C5B3B1DC221A0F7600CB2629 /* Info.plist */ = {isa = PBXFileReference; lastKnownFileType = text.plist.xml; path = Info.plist; sourceTree = "<group>"; };
		C5B3B1E1221A0F7600CB2629 /* ParstagramTests.xctest */ = {isa = PBXFileReference; explicitFileType = wrapper.cfbundle; includeInIndex = 0; path = ParstagramTests.xctest; sourceTree = BUILT_PRODUCTS_DIR; };
		C5B3B1E5221A0F7600CB2629 /* ParstagramTests.swift */ = {isa = PBXFileReference; lastKnownFileType = sourcecode.swift; path = ParstagramTests.swift; sourceTree = "<group>"; };
		C5B3B1E7221A0F7600CB2629 /* Info.plist */ = {isa = PBXFileReference; lastKnownFileType = text.plist.xml; path = Info.plist; sourceTree = "<group>"; };
		C5B3B1EC221A0F7600CB2629 /* ParstagramUITests.xctest */ = {isa = PBXFileReference; explicitFileType = wrapper.cfbundle; includeInIndex = 0; path = ParstagramUITests.xctest; sourceTree = BUILT_PRODUCTS_DIR; };
		C5B3B1F0221A0F7600CB2629 /* ParstagramUITests.swift */ = {isa = PBXFileReference; lastKnownFileType = sourcecode.swift; path = ParstagramUITests.swift; sourceTree = "<group>"; };
		C5B3B1F2221A0F7600CB2629 /* Info.plist */ = {isa = PBXFileReference; lastKnownFileType = text.plist.xml; path = Info.plist; sourceTree = "<group>"; };
		D7F1D00F946F7B7F2FB41FD4 /* Pods-Parstagram.debug.xcconfig */ = {isa = PBXFileReference; includeInIndex = 1; lastKnownFileType = text.xcconfig; name = "Pods-Parstagram.debug.xcconfig"; path = "Pods/Target Support Files/Pods-Parstagram/Pods-Parstagram.debug.xcconfig"; sourceTree = "<group>"; };
		F3ED7DCFCB3B5D847AEB4FD8 /* Pods-ParstagramUITests.release.xcconfig */ = {isa = PBXFileReference; includeInIndex = 1; lastKnownFileType = text.xcconfig; name = "Pods-ParstagramUITests.release.xcconfig"; path = "Pods/Target Support Files/Pods-ParstagramUITests/Pods-ParstagramUITests.release.xcconfig"; sourceTree = "<group>"; };
		F8FA34BE3E484B095A80E888 /* Pods-ParstagramUITests.debug.xcconfig */ = {isa = PBXFileReference; includeInIndex = 1; lastKnownFileType = text.xcconfig; name = "Pods-ParstagramUITests.debug.xcconfig"; path = "Pods/Target Support Files/Pods-ParstagramUITests/Pods-ParstagramUITests.debug.xcconfig"; sourceTree = "<group>"; };
/* End PBXFileReference section */

/* Begin PBXFrameworksBuildPhase section */
		C5B3B1CA221A0F7400CB2629 /* Frameworks */ = {
			isa = PBXFrameworksBuildPhase;
			buildActionMask = 2147483647;
			files = (
				C8AECE1DCA042EBF2C148884 /* Pods_Parstagram.framework in Frameworks */,
			);
			runOnlyForDeploymentPostprocessing = 0;
		};
		C5B3B1DE221A0F7600CB2629 /* Frameworks */ = {
			isa = PBXFrameworksBuildPhase;
			buildActionMask = 2147483647;
			files = (
				64D1EE45237F75612ED7A814 /* Pods_ParstagramTests.framework in Frameworks */,
			);
			runOnlyForDeploymentPostprocessing = 0;
		};
		C5B3B1E9221A0F7600CB2629 /* Frameworks */ = {
			isa = PBXFrameworksBuildPhase;
			buildActionMask = 2147483647;
			files = (
				4A3695BB39680BD93FEBDF51 /* Pods_ParstagramUITests.framework in Frameworks */,
			);
			runOnlyForDeploymentPostprocessing = 0;
		};
/* End PBXFrameworksBuildPhase section */

/* Begin PBXGroup section */
		599A51F3358BF0D817A301F6 /* Pods */ = {
			isa = PBXGroup;
			children = (
				D7F1D00F946F7B7F2FB41FD4 /* Pods-Parstagram.debug.xcconfig */,
				32B5DDD38CE9A3177369525E /* Pods-Parstagram.release.xcconfig */,
				999BA3681D4AD42ED1D2996B /* Pods-ParstagramTests.debug.xcconfig */,
				45758CF3A54AD8FBDFC2C8E7 /* Pods-ParstagramTests.release.xcconfig */,
				F8FA34BE3E484B095A80E888 /* Pods-ParstagramUITests.debug.xcconfig */,
				F3ED7DCFCB3B5D847AEB4FD8 /* Pods-ParstagramUITests.release.xcconfig */,
			);
			name = Pods;
			sourceTree = "<group>";
		};
		BB01B771D9F9B9962A42DF20 /* Frameworks */ = {
			isa = PBXGroup;
			children = (
				851EEA85FB2AC73ACA455391 /* Pods_Parstagram.framework */,
				313B76AA39609BD5273B08E5 /* Pods_ParstagramTests.framework */,
				0C2799936A0B4721526A2BCA /* Pods_ParstagramUITests.framework */,
			);
			name = Frameworks;
			sourceTree = "<group>";
		};
		C5B3B1C4221A0F7400CB2629 = {
			isa = PBXGroup;
			children = (
				C5B3B1CF221A0F7400CB2629 /* Parstagram */,
				C5B3B1E4221A0F7600CB2629 /* ParstagramTests */,
				C5B3B1EF221A0F7600CB2629 /* ParstagramUITests */,
				C5B3B1CE221A0F7400CB2629 /* Products */,
				599A51F3358BF0D817A301F6 /* Pods */,
				BB01B771D9F9B9962A42DF20 /* Frameworks */,
			);
			sourceTree = "<group>";
		};
		C5B3B1CE221A0F7400CB2629 /* Products */ = {
			isa = PBXGroup;
			children = (
				C5B3B1CD221A0F7400CB2629 /* Parstagram.app */,
				C5B3B1E1221A0F7600CB2629 /* ParstagramTests.xctest */,
				C5B3B1EC221A0F7600CB2629 /* ParstagramUITests.xctest */,
			);
			name = Products;
			sourceTree = "<group>";
		};
		C5B3B1CF221A0F7400CB2629 /* Parstagram */ = {
			isa = PBXGroup;
			children = (
				C5B3B1D0221A0F7400CB2629 /* AppDelegate.swift */,
				C5B3B1D4221A0F7400CB2629 /* Main.storyboard */,
				C5059D082226445F00882A1A /* CommentCell.swift */,
				C5B3B1D7221A0F7600CB2629 /* Assets.xcassets */,
				C5B3B1D9221A0F7600CB2629 /* LaunchScreen.storyboard */,
				C5B3B1DC221A0F7600CB2629 /* Info.plist */,
				C5934269221A3E3B0017197A /* LoginViewController.swift */,
				C593426B221A3E5A0017197A /* FeedViewController.swift */,
				C593426D221A507C0017197A /* CameraViewController.swift */,
				C593426F221A60920017197A /* PostCell.swift */,
			);
			path = Parstagram;
			sourceTree = "<group>";
		};
		C5B3B1E4221A0F7600CB2629 /* ParstagramTests */ = {
			isa = PBXGroup;
			children = (
				C5B3B1E5221A0F7600CB2629 /* ParstagramTests.swift */,
				C5B3B1E7221A0F7600CB2629 /* Info.plist */,
			);
			path = ParstagramTests;
			sourceTree = "<group>";
		};
		C5B3B1EF221A0F7600CB2629 /* ParstagramUITests */ = {
			isa = PBXGroup;
			children = (
				C5B3B1F0221A0F7600CB2629 /* ParstagramUITests.swift */,
				C5B3B1F2221A0F7600CB2629 /* Info.plist */,
			);
			path = ParstagramUITests;
			sourceTree = "<group>";
		};
/* End PBXGroup section */

/* Begin PBXNativeTarget section */
		C5B3B1CC221A0F7400CB2629 /* Parstagram */ = {
			isa = PBXNativeTarget;
			buildConfigurationList = C5B3B1F5221A0F7600CB2629 /* Build configuration list for PBXNativeTarget "Parstagram" */;
			buildPhases = (
				E259DD564C924CB969065CFA /* [CP] Check Pods Manifest.lock */,
				C5B3B1C9221A0F7400CB2629 /* Sources */,
				C5B3B1CA221A0F7400CB2629 /* Frameworks */,
				C5B3B1CB221A0F7400CB2629 /* Resources */,
				99A575F7F2E17BC8A63E6D61 /* [CP] Embed Pods Frameworks */,
			);
			buildRules = (
			);
			dependencies = (
			);
			name = Parstagram;
			productName = Parstagram;
			productReference = C5B3B1CD221A0F7400CB2629 /* Parstagram.app */;
			productType = "com.apple.product-type.application";
		};
		C5B3B1E0221A0F7600CB2629 /* ParstagramTests */ = {
			isa = PBXNativeTarget;
			buildConfigurationList = C5B3B1F8221A0F7600CB2629 /* Build configuration list for PBXNativeTarget "ParstagramTests" */;
			buildPhases = (
				A89C60271AEEA963E134DBAA /* [CP] Check Pods Manifest.lock */,
				C5B3B1DD221A0F7600CB2629 /* Sources */,
				C5B3B1DE221A0F7600CB2629 /* Frameworks */,
				C5B3B1DF221A0F7600CB2629 /* Resources */,
			);
			buildRules = (
			);
			dependencies = (
				C5B3B1E3221A0F7600CB2629 /* PBXTargetDependency */,
			);
			name = ParstagramTests;
			productName = ParstagramTests;
			productReference = C5B3B1E1221A0F7600CB2629 /* ParstagramTests.xctest */;
			productType = "com.apple.product-type.bundle.unit-test";
		};
		C5B3B1EB221A0F7600CB2629 /* ParstagramUITests */ = {
			isa = PBXNativeTarget;
			buildConfigurationList = C5B3B1FB221A0F7600CB2629 /* Build configuration list for PBXNativeTarget "ParstagramUITests" */;
			buildPhases = (
				488425E05440A96047F3E9BA /* [CP] Check Pods Manifest.lock */,
				C5B3B1E8221A0F7600CB2629 /* Sources */,
				C5B3B1E9221A0F7600CB2629 /* Frameworks */,
				C5B3B1EA221A0F7600CB2629 /* Resources */,
			);
			buildRules = (
			);
			dependencies = (
				C5B3B1EE221A0F7600CB2629 /* PBXTargetDependency */,
			);
			name = ParstagramUITests;
			productName = ParstagramUITests;
			productReference = C5B3B1EC221A0F7600CB2629 /* ParstagramUITests.xctest */;
			productType = "com.apple.product-type.bundle.ui-testing";
		};
/* End PBXNativeTarget section */

/* Begin PBXProject section */
		C5B3B1C5221A0F7400CB2629 /* Project object */ = {
			isa = PBXProject;
			attributes = {
				LastSwiftUpdateCheck = 1010;
				LastUpgradeCheck = 1010;
				ORGANIZATIONNAME = "Andrey Shor";
				TargetAttributes = {
					C5B3B1CC221A0F7400CB2629 = {
						CreatedOnToolsVersion = 10.1;
					};
					C5B3B1E0221A0F7600CB2629 = {
						CreatedOnToolsVersion = 10.1;
						TestTargetID = C5B3B1CC221A0F7400CB2629;
					};
					C5B3B1EB221A0F7600CB2629 = {
						CreatedOnToolsVersion = 10.1;
						TestTargetID = C5B3B1CC221A0F7400CB2629;
					};
				};
			};
			buildConfigurationList = C5B3B1C8221A0F7400CB2629 /* Build configuration list for PBXProject "Parstagram" */;
			compatibilityVersion = "Xcode 9.3";
			developmentRegion = en;
			hasScannedForEncodings = 0;
			knownRegions = (
				en,
				Base,
			);
			mainGroup = C5B3B1C4221A0F7400CB2629;
			productRefGroup = C5B3B1CE221A0F7400CB2629 /* Products */;
			projectDirPath = "";
			projectRoot = "";
			targets = (
				C5B3B1CC221A0F7400CB2629 /* Parstagram */,
				C5B3B1E0221A0F7600CB2629 /* ParstagramTests */,
				C5B3B1EB221A0F7600CB2629 /* ParstagramUITests */,
			);
		};
/* End PBXProject section */

/* Begin PBXResourcesBuildPhase section */
		C5B3B1CB221A0F7400CB2629 /* Resources */ = {
			isa = PBXResourcesBuildPhase;
			buildActionMask = 2147483647;
			files = (
				C5B3B1DB221A0F7600CB2629 /* LaunchScreen.storyboard in Resources */,
				C5B3B1D8221A0F7600CB2629 /* Assets.xcassets in Resources */,
				C5B3B1D6221A0F7400CB2629 /* Main.storyboard in Resources */,
			);
			runOnlyForDeploymentPostprocessing = 0;
		};
		C5B3B1DF221A0F7600CB2629 /* Resources */ = {
			isa = PBXResourcesBuildPhase;
			buildActionMask = 2147483647;
			files = (
			);
			runOnlyForDeploymentPostprocessing = 0;
		};
		C5B3B1EA221A0F7600CB2629 /* Resources */ = {
			isa = PBXResourcesBuildPhase;
			buildActionMask = 2147483647;
			files = (
			);
			runOnlyForDeploymentPostprocessing = 0;
		};
/* End PBXResourcesBuildPhase section */

/* Begin PBXShellScriptBuildPhase section */
		488425E05440A96047F3E9BA /* [CP] Check Pods Manifest.lock */ = {
			isa = PBXShellScriptBuildPhase;
			buildActionMask = 2147483647;
			files = (
			);
			inputFileListPaths = (
			);
			inputPaths = (
				"${PODS_PODFILE_DIR_PATH}/Podfile.lock",
				"${PODS_ROOT}/Manifest.lock",
			);
			name = "[CP] Check Pods Manifest.lock";
			outputFileListPaths = (
			);
			outputPaths = (
				"$(DERIVED_FILE_DIR)/Pods-ParstagramUITests-checkManifestLockResult.txt",
			);
			runOnlyForDeploymentPostprocessing = 0;
			shellPath = /bin/sh;
			shellScript = "diff \"${PODS_PODFILE_DIR_PATH}/Podfile.lock\" \"${PODS_ROOT}/Manifest.lock\" > /dev/null\nif [ $? != 0 ] ; then\n    # print error to STDERR\n    echo \"error: The sandbox is not in sync with the Podfile.lock. Run 'pod install' or update your CocoaPods installation.\" >&2\n    exit 1\nfi\n# This output is used by Xcode 'outputs' to avoid re-running this script phase.\necho \"SUCCESS\" > \"${SCRIPT_OUTPUT_FILE_0}\"\n";
			showEnvVarsInLog = 0;
		};
		99A575F7F2E17BC8A63E6D61 /* [CP] Embed Pods Frameworks */ = {
			isa = PBXShellScriptBuildPhase;
			buildActionMask = 2147483647;
			files = (
			);
			inputFileListPaths = (
			);
			inputPaths = (
				"${SRCROOT}/Pods/Target Support Files/Pods-Parstagram/Pods-Parstagram-frameworks.sh",
				"${BUILT_PRODUCTS_DIR}/Alamofire/Alamofire.framework",
				"${BUILT_PRODUCTS_DIR}/AlamofireImage/AlamofireImage.framework",
				"${BUILT_PRODUCTS_DIR}/Bolts/Bolts.framework",
				"${BUILT_PRODUCTS_DIR}/MessageInputBar/MessageInputBar.framework",
				"${BUILT_PRODUCTS_DIR}/Parse/Parse.framework",
			);
			name = "[CP] Embed Pods Frameworks";
			outputFileListPaths = (
			);
			outputPaths = (
				"${TARGET_BUILD_DIR}/${FRAMEWORKS_FOLDER_PATH}/Alamofire.framework",
				"${TARGET_BUILD_DIR}/${FRAMEWORKS_FOLDER_PATH}/AlamofireImage.framework",
				"${TARGET_BUILD_DIR}/${FRAMEWORKS_FOLDER_PATH}/Bolts.framework",
				"${TARGET_BUILD_DIR}/${FRAMEWORKS_FOLDER_PATH}/MessageInputBar.framework",
				"${TARGET_BUILD_DIR}/${FRAMEWORKS_FOLDER_PATH}/Parse.framework",
			);
			runOnlyForDeploymentPostprocessing = 0;
			shellPath = /bin/sh;
			shellScript = "\"${SRCROOT}/Pods/Target Support Files/Pods-Parstagram/Pods-Parstagram-frameworks.sh\"\n";
			showEnvVarsInLog = 0;
		};
		A89C60271AEEA963E134DBAA /* [CP] Check Pods Manifest.lock */ = {
			isa = PBXShellScriptBuildPhase;
			buildActionMask = 2147483647;
			files = (
			);
			inputFileListPaths = (
			);
			inputPaths = (
				"${PODS_PODFILE_DIR_PATH}/Podfile.lock",
				"${PODS_ROOT}/Manifest.lock",
			);
			name = "[CP] Check Pods Manifest.lock";
			outputFileListPaths = (
			);
			outputPaths = (
				"$(DERIVED_FILE_DIR)/Pods-ParstagramTests-checkManifestLockResult.txt",
			);
			runOnlyForDeploymentPostprocessing = 0;
			shellPath = /bin/sh;
			shellScript = "diff \"${PODS_PODFILE_DIR_PATH}/Podfile.lock\" \"${PODS_ROOT}/Manifest.lock\" > /dev/null\nif [ $? != 0 ] ; then\n    # print error to STDERR\n    echo \"error: The sandbox is not in sync with the Podfile.lock. Run 'pod install' or update your CocoaPods installation.\" >&2\n    exit 1\nfi\n# This output is used by Xcode 'outputs' to avoid re-running this script phase.\necho \"SUCCESS\" > \"${SCRIPT_OUTPUT_FILE_0}\"\n";
			showEnvVarsInLog = 0;
		};
		E259DD564C924CB969065CFA /* [CP] Check Pods Manifest.lock */ = {
			isa = PBXShellScriptBuildPhase;
			buildActionMask = 2147483647;
			files = (
			);
			inputFileListPaths = (
			);
			inputPaths = (
				"${PODS_PODFILE_DIR_PATH}/Podfile.lock",
				"${PODS_ROOT}/Manifest.lock",
			);
			name = "[CP] Check Pods Manifest.lock";
			outputFileListPaths = (
			);
			outputPaths = (
				"$(DERIVED_FILE_DIR)/Pods-Parstagram-checkManifestLockResult.txt",
			);
			runOnlyForDeploymentPostprocessing = 0;
			shellPath = /bin/sh;
			shellScript = "diff \"${PODS_PODFILE_DIR_PATH}/Podfile.lock\" \"${PODS_ROOT}/Manifest.lock\" > /dev/null\nif [ $? != 0 ] ; then\n    # print error to STDERR\n    echo \"error: The sandbox is not in sync with the Podfile.lock. Run 'pod install' or update your CocoaPods installation.\" >&2\n    exit 1\nfi\n# This output is used by Xcode 'outputs' to avoid re-running this script phase.\necho \"SUCCESS\" > \"${SCRIPT_OUTPUT_FILE_0}\"\n";
			showEnvVarsInLog = 0;
		};
/* End PBXShellScriptBuildPhase section */

/* Begin PBXSourcesBuildPhase section */
		C5B3B1C9221A0F7400CB2629 /* Sources */ = {
			isa = PBXSourcesBuildPhase;
			buildActionMask = 2147483647;
			files = (
				C593426A221A3E3C0017197A /* LoginViewController.swift in Sources */,
				C593426E221A507C0017197A /* CameraViewController.swift in Sources */,
				C593426C221A3E5A0017197A /* FeedViewController.swift in Sources */,
				C5B3B1D1221A0F7400CB2629 /* AppDelegate.swift in Sources */,
				C5934270221A60920017197A /* PostCell.swift in Sources */,
				C5059D092226445F00882A1A /* CommentCell.swift in Sources */,
			);
			runOnlyForDeploymentPostprocessing = 0;
		};
		C5B3B1DD221A0F7600CB2629 /* Sources */ = {
			isa = PBXSourcesBuildPhase;
			buildActionMask = 2147483647;
			files = (
				C5B3B1E6221A0F7600CB2629 /* ParstagramTests.swift in Sources */,
			);
			runOnlyForDeploymentPostprocessing = 0;
		};
		C5B3B1E8221A0F7600CB2629 /* Sources */ = {
			isa = PBXSourcesBuildPhase;
			buildActionMask = 2147483647;
			files = (
				C5B3B1F1221A0F7600CB2629 /* ParstagramUITests.swift in Sources */,
			);
			runOnlyForDeploymentPostprocessing = 0;
		};
/* End PBXSourcesBuildPhase section */

/* Begin PBXTargetDependency section */
		C5B3B1E3221A0F7600CB2629 /* PBXTargetDependency */ = {
			isa = PBXTargetDependency;
			target = C5B3B1CC221A0F7400CB2629 /* Parstagram */;
			targetProxy = C5B3B1E2221A0F7600CB2629 /* PBXContainerItemProxy */;
		};
		C5B3B1EE221A0F7600CB2629 /* PBXTargetDependency */ = {
			isa = PBXTargetDependency;
			target = C5B3B1CC221A0F7400CB2629 /* Parstagram */;
			targetProxy = C5B3B1ED221A0F7600CB2629 /* PBXContainerItemProxy */;
		};
/* End PBXTargetDependency section */

/* Begin PBXVariantGroup section */
		C5B3B1D4221A0F7400CB2629 /* Main.storyboard */ = {
			isa = PBXVariantGroup;
			children = (
				C5B3B1D5221A0F7400CB2629 /* Base */,
			);
			name = Main.storyboard;
			sourceTree = "<group>";
		};
		C5B3B1D9221A0F7600CB2629 /* LaunchScreen.storyboard */ = {
			isa = PBXVariantGroup;
			children = (
				C5B3B1DA221A0F7600CB2629 /* Base */,
			);
			name = LaunchScreen.storyboard;
			sourceTree = "<group>";
		};
/* End PBXVariantGroup section */

/* Begin XCBuildConfiguration section */
		C5B3B1F3221A0F7600CB2629 /* Debug */ = {
			isa = XCBuildConfiguration;
			buildSettings = {
				ALWAYS_SEARCH_USER_PATHS = NO;
				CLANG_ANALYZER_NONNULL = YES;
				CLANG_ANALYZER_NUMBER_OBJECT_CONVERSION = YES_AGGRESSIVE;
				CLANG_CXX_LANGUAGE_STANDARD = "gnu++14";
				CLANG_CXX_LIBRARY = "libc++";
				CLANG_ENABLE_MODULES = YES;
				CLANG_ENABLE_OBJC_ARC = YES;
				CLANG_ENABLE_OBJC_WEAK = YES;
				CLANG_WARN_BLOCK_CAPTURE_AUTORELEASING = YES;
				CLANG_WARN_BOOL_CONVERSION = YES;
				CLANG_WARN_COMMA = YES;
				CLANG_WARN_CONSTANT_CONVERSION = YES;
				CLANG_WARN_DEPRECATED_OBJC_IMPLEMENTATIONS = YES;
				CLANG_WARN_DIRECT_OBJC_ISA_USAGE = YES_ERROR;
				CLANG_WARN_DOCUMENTATION_COMMENTS = YES;
				CLANG_WARN_EMPTY_BODY = YES;
				CLANG_WARN_ENUM_CONVERSION = YES;
				CLANG_WARN_INFINITE_RECURSION = YES;
				CLANG_WARN_INT_CONVERSION = YES;
				CLANG_WARN_NON_LITERAL_NULL_CONVERSION = YES;
				CLANG_WARN_OBJC_IMPLICIT_RETAIN_SELF = YES;
				CLANG_WARN_OBJC_LITERAL_CONVERSION = YES;
				CLANG_WARN_OBJC_ROOT_CLASS = YES_ERROR;
				CLANG_WARN_RANGE_LOOP_ANALYSIS = YES;
				CLANG_WARN_STRICT_PROTOTYPES = YES;
				CLANG_WARN_SUSPICIOUS_MOVE = YES;
				CLANG_WARN_UNGUARDED_AVAILABILITY = YES_AGGRESSIVE;
				CLANG_WARN_UNREACHABLE_CODE = YES;
				CLANG_WARN__DUPLICATE_METHOD_MATCH = YES;
				CODE_SIGN_IDENTITY = "iPhone Developer";
				COPY_PHASE_STRIP = NO;
				DEBUG_INFORMATION_FORMAT = dwarf;
				ENABLE_STRICT_OBJC_MSGSEND = YES;
				ENABLE_TESTABILITY = YES;
				GCC_C_LANGUAGE_STANDARD = gnu11;
				GCC_DYNAMIC_NO_PIC = NO;
				GCC_NO_COMMON_BLOCKS = YES;
				GCC_OPTIMIZATION_LEVEL = 0;
				GCC_PREPROCESSOR_DEFINITIONS = (
					"DEBUG=1",
					"$(inherited)",
				);
				GCC_WARN_64_TO_32_BIT_CONVERSION = YES;
				GCC_WARN_ABOUT_RETURN_TYPE = YES_ERROR;
				GCC_WARN_UNDECLARED_SELECTOR = YES;
				GCC_WARN_UNINITIALIZED_AUTOS = YES_AGGRESSIVE;
				GCC_WARN_UNUSED_FUNCTION = YES;
				GCC_WARN_UNUSED_VARIABLE = YES;
				IPHONEOS_DEPLOYMENT_TARGET = 12.1;
				MTL_ENABLE_DEBUG_INFO = INCLUDE_SOURCE;
				MTL_FAST_MATH = YES;
				ONLY_ACTIVE_ARCH = YES;
				SDKROOT = iphoneos;
				SWIFT_ACTIVE_COMPILATION_CONDITIONS = DEBUG;
				SWIFT_OPTIMIZATION_LEVEL = "-Onone";
			};
			name = Debug;
		};
		C5B3B1F4221A0F7600CB2629 /* Release */ = {
			isa = XCBuildConfiguration;
			buildSettings = {
				ALWAYS_SEARCH_USER_PATHS = NO;
				CLANG_ANALYZER_NONNULL = YES;
				CLANG_ANALYZER_NUMBER_OBJECT_CONVERSION = YES_AGGRESSIVE;
				CLANG_CXX_LANGUAGE_STANDARD = "gnu++14";
				CLANG_CXX_LIBRARY = "libc++";
				CLANG_ENABLE_MODULES = YES;
				CLANG_ENABLE_OBJC_ARC = YES;
				CLANG_ENABLE_OBJC_WEAK = YES;
				CLANG_WARN_BLOCK_CAPTURE_AUTORELEASING = YES;
				CLANG_WARN_BOOL_CONVERSION = YES;
				CLANG_WARN_COMMA = YES;
				CLANG_WARN_CONSTANT_CONVERSION = YES;
				CLANG_WARN_DEPRECATED_OBJC_IMPLEMENTATIONS = YES;
				CLANG_WARN_DIRECT_OBJC_ISA_USAGE = YES_ERROR;
				CLANG_WARN_DOCUMENTATION_COMMENTS = YES;
				CLANG_WARN_EMPTY_BODY = YES;
				CLANG_WARN_ENUM_CONVERSION = YES;
				CLANG_WARN_INFINITE_RECURSION = YES;
				CLANG_WARN_INT_CONVERSION = YES;
				CLANG_WARN_NON_LITERAL_NULL_CONVERSION = YES;
				CLANG_WARN_OBJC_IMPLICIT_RETAIN_SELF = YES;
				CLANG_WARN_OBJC_LITERAL_CONVERSION = YES;
				CLANG_WARN_OBJC_ROOT_CLASS = YES_ERROR;
				CLANG_WARN_RANGE_LOOP_ANALYSIS = YES;
				CLANG_WARN_STRICT_PROTOTYPES = YES;
				CLANG_WARN_SUSPICIOUS_MOVE = YES;
				CLANG_WARN_UNGUARDED_AVAILABILITY = YES_AGGRESSIVE;
				CLANG_WARN_UNREACHABLE_CODE = YES;
				CLANG_WARN__DUPLICATE_METHOD_MATCH = YES;
				CODE_SIGN_IDENTITY = "iPhone Developer";
				COPY_PHASE_STRIP = NO;
				DEBUG_INFORMATION_FORMAT = "dwarf-with-dsym";
				ENABLE_NS_ASSERTIONS = NO;
				ENABLE_STRICT_OBJC_MSGSEND = YES;
				GCC_C_LANGUAGE_STANDARD = gnu11;
				GCC_NO_COMMON_BLOCKS = YES;
				GCC_WARN_64_TO_32_BIT_CONVERSION = YES;
				GCC_WARN_ABOUT_RETURN_TYPE = YES_ERROR;
				GCC_WARN_UNDECLARED_SELECTOR = YES;
				GCC_WARN_UNINITIALIZED_AUTOS = YES_AGGRESSIVE;
				GCC_WARN_UNUSED_FUNCTION = YES;
				GCC_WARN_UNUSED_VARIABLE = YES;
				IPHONEOS_DEPLOYMENT_TARGET = 12.1;
				MTL_ENABLE_DEBUG_INFO = NO;
				MTL_FAST_MATH = YES;
				SDKROOT = iphoneos;
				SWIFT_COMPILATION_MODE = wholemodule;
				SWIFT_OPTIMIZATION_LEVEL = "-O";
				VALIDATE_PRODUCT = YES;
			};
			name = Release;
		};
		C5B3B1F6221A0F7600CB2629 /* Debug */ = {
			isa = XCBuildConfiguration;
			baseConfigurationReference = D7F1D00F946F7B7F2FB41FD4 /* Pods-Parstagram.debug.xcconfig */;
			buildSettings = {
				ASSETCATALOG_COMPILER_APPICON_NAME = AppIcon;
				CODE_SIGN_STYLE = Automatic;
				INFOPLIST_FILE = Parstagram/Info.plist;
				LD_RUNPATH_SEARCH_PATHS = (
					"$(inherited)",
					"@executable_path/Frameworks",
				);
				PRODUCT_BUNDLE_IDENTIFIER = com.cs490.Parstagram;
				PRODUCT_NAME = "$(TARGET_NAME)";
				SWIFT_VERSION = 4.2;
				TARGETED_DEVICE_FAMILY = "1,2";
			};
			name = Debug;
		};
		C5B3B1F7221A0F7600CB2629 /* Release */ = {
			isa = XCBuildConfiguration;
			baseConfigurationReference = 32B5DDD38CE9A3177369525E /* Pods-Parstagram.release.xcconfig */;
			buildSettings = {
				ASSETCATALOG_COMPILER_APPICON_NAME = AppIcon;
				CODE_SIGN_STYLE = Automatic;
				INFOPLIST_FILE = Parstagram/Info.plist;
				LD_RUNPATH_SEARCH_PATHS = (
					"$(inherited)",
					"@executable_path/Frameworks",
				);
				PRODUCT_BUNDLE_IDENTIFIER = com.cs490.Parstagram;
				PRODUCT_NAME = "$(TARGET_NAME)";
				SWIFT_VERSION = 4.2;
				TARGETED_DEVICE_FAMILY = "1,2";
			};
			name = Release;
		};
		C5B3B1F9221A0F7600CB2629 /* Debug */ = {
			isa = XCBuildConfiguration;
			baseConfigurationReference = 999BA3681D4AD42ED1D2996B /* Pods-ParstagramTests.debug.xcconfig */;
			buildSettings = {
				ALWAYS_EMBED_SWIFT_STANDARD_LIBRARIES = YES;
				BUNDLE_LOADER = "$(TEST_HOST)";
				CODE_SIGN_STYLE = Automatic;
				INFOPLIST_FILE = ParstagramTests/Info.plist;
				LD_RUNPATH_SEARCH_PATHS = (
					"$(inherited)",
					"@executable_path/Frameworks",
					"@loader_path/Frameworks",
				);
				PRODUCT_BUNDLE_IDENTIFIER = com.cs490.ParstagramTests;
				PRODUCT_NAME = "$(TARGET_NAME)";
				SWIFT_VERSION = 4.2;
				TARGETED_DEVICE_FAMILY = "1,2";
				TEST_HOST = "$(BUILT_PRODUCTS_DIR)/Parstagram.app/Parstagram";
			};
			name = Debug;
		};
		C5B3B1FA221A0F7600CB2629 /* Release */ = {
			isa = XCBuildConfiguration;
			baseConfigurationReference = 45758CF3A54AD8FBDFC2C8E7 /* Pods-ParstagramTests.release.xcconfig */;
			buildSettings = {
				ALWAYS_EMBED_SWIFT_STANDARD_LIBRARIES = YES;
				BUNDLE_LOADER = "$(TEST_HOST)";
				CODE_SIGN_STYLE = Automatic;
				INFOPLIST_FILE = ParstagramTests/Info.plist;
				LD_RUNPATH_SEARCH_PATHS = (
					"$(inherited)",
					"@executable_path/Frameworks",
					"@loader_path/Frameworks",
				);
				PRODUCT_BUNDLE_IDENTIFIER = com.cs490.ParstagramTests;
				PRODUCT_NAME = "$(TARGET_NAME)";
				SWIFT_VERSION = 4.2;
				TARGETED_DEVICE_FAMILY = "1,2";
				TEST_HOST = "$(BUILT_PRODUCTS_DIR)/Parstagram.app/Parstagram";
			};
			name = Release;
		};
		C5B3B1FC221A0F7600CB2629 /* Debug */ = {
			isa = XCBuildConfiguration;
			baseConfigurationReference = F8FA34BE3E484B095A80E888 /* Pods-ParstagramUITests.debug.xcconfig */;
			buildSettings = {
				ALWAYS_EMBED_SWIFT_STANDARD_LIBRARIES = YES;
				CODE_SIGN_STYLE = Automatic;
				INFOPLIST_FILE = ParstagramUITests/Info.plist;
				LD_RUNPATH_SEARCH_PATHS = (
					"$(inherited)",
					"@executable_path/Frameworks",
					"@loader_path/Frameworks",
				);
				PRODUCT_BUNDLE_IDENTIFIER = com.cs490.ParstagramUITests;
				PRODUCT_NAME = "$(TARGET_NAME)";
				SWIFT_VERSION = 4.2;
				TARGETED_DEVICE_FAMILY = "1,2";
				TEST_TARGET_NAME = Parstagram;
			};
			name = Debug;
		};
		C5B3B1FD221A0F7600CB2629 /* Release */ = {
			isa = XCBuildConfiguration;
			baseConfigurationReference = F3ED7DCFCB3B5D847AEB4FD8 /* Pods-ParstagramUITests.release.xcconfig */;
			buildSettings = {
				ALWAYS_EMBED_SWIFT_STANDARD_LIBRARIES = YES;
				CODE_SIGN_STYLE = Automatic;
				INFOPLIST_FILE = ParstagramUITests/Info.plist;
				LD_RUNPATH_SEARCH_PATHS = (
					"$(inherited)",
					"@executable_path/Frameworks",
					"@loader_path/Frameworks",
				);
				PRODUCT_BUNDLE_IDENTIFIER = com.cs490.ParstagramUITests;
				PRODUCT_NAME = "$(TARGET_NAME)";
				SWIFT_VERSION = 4.2;
				TARGETED_DEVICE_FAMILY = "1,2";
				TEST_TARGET_NAME = Parstagram;
			};
			name = Release;
		};
/* End XCBuildConfiguration section */

/* Begin XCConfigurationList section */
		C5B3B1C8221A0F7400CB2629 /* Build configuration list for PBXProject "Parstagram" */ = {
			isa = XCConfigurationList;
			buildConfigurations = (
				C5B3B1F3221A0F7600CB2629 /* Debug */,
				C5B3B1F4221A0F7600CB2629 /* Release */,
			);
			defaultConfigurationIsVisible = 0;
			defaultConfigurationName = Release;
		};
		C5B3B1F5221A0F7600CB2629 /* Build configuration list for PBXNativeTarget "Parstagram" */ = {
			isa = XCConfigurationList;
			buildConfigurations = (
				C5B3B1F6221A0F7600CB2629 /* Debug */,
				C5B3B1F7221A0F7600CB2629 /* Release */,
			);
			defaultConfigurationIsVisible = 0;
			defaultConfigurationName = Release;
		};
		C5B3B1F8221A0F7600CB2629 /* Build configuration list for PBXNativeTarget "ParstagramTests" */ = {
			isa = XCConfigurationList;
			buildConfigurations = (
				C5B3B1F9221A0F7600CB2629 /* Debug */,
				C5B3B1FA221A0F7600CB2629 /* Release */,
			);
			defaultConfigurationIsVisible = 0;
			defaultConfigurationName = Release;
		};
		C5B3B1FB221A0F7600CB2629 /* Build configuration list for PBXNativeTarget "ParstagramUITests" */ = {
			isa = XCConfigurationList;
			buildConfigurations = (
				C5B3B1FC221A0F7600CB2629 /* Debug */,
				C5B3B1FD221A0F7600CB2629 /* Release */,
			);
			defaultConfigurationIsVisible = 0;
			defaultConfigurationName = Release;
		};
/* End XCConfigurationList section */
	};
	rootObject = C5B3B1C5221A0F7400CB2629 /* Project object */;
}
